
Microsoft Visual Studio Solution File, Format Version 12.00
# Visual Studio Version 16
VisualStudioVersion = 16.0.31410.357
MinimumVisualStudioVersion = 10.0.40219.1
Project("{FAE04EC0-301F-11D3-BF4B-00C04F79EFBC}") = "CarPartShop.Api", "CarPartShop.Api\CarPartShop.Api.csproj", "{DE9C725A-EBE7-4870-8027-B411118A2500}"
EndProject
Project("{FAE04EC0-301F-11D3-BF4B-00C04F79EFBC}") = "CarPartShopApi.Domain", "CarPartShopApi.Domain\CarPartShopApi.Domain.csproj", "{903CF3FB-4E1A-46D1-9BB4-1D2901A0DE5A}"
EndProject
Project("{FAE04EC0-301F-11D3-BF4B-00C04F79EFBC}") = "CarPartShop.Infrastructure", "CarPartShop.Infrastructure\CarPartShop.Infrastructure.csproj", "{3886E691-174E-4BE8-B713-7ED867D5E447}"
EndProject
Project("{FAE04EC0-301F-11D3-BF4B-00C04F79EFBC}") = "Migrations", "Migrations\Migrations.csproj", "{AB0536A3-1B4C-4487-A72C-8C561A4BE36D}"
EndProject
Project("{FAE04EC0-301F-11D3-BF4B-00C04F79EFBC}") = "CarPartShop.Application", "CarPartShop.Application\CarPartShop.Application.csproj", "{3D319915-8BEA-4B98-8C88-DA2BC03C7C38}"
EndProject
Global
	GlobalSection(SolutionConfigurationPlatforms) = preSolution
		Debug|Any CPU = Debug|Any CPU
		Release|Any CPU = Release|Any CPU
	EndGlobalSection
	GlobalSection(ProjectConfigurationPlatforms) = postSolution
		{DE9C725A-EBE7-4870-8027-B411118A2500}.Debug|Any CPU.ActiveCfg = Debug|Any CPU
		{DE9C725A-EBE7-4870-8027-B411118A2500}.Debug|Any CPU.Build.0 = Debug|Any CPU
		{DE9C725A-EBE7-4870-8027-B411118A2500}.Release|Any CPU.ActiveCfg = Release|Any CPU
		{DE9C725A-EBE7-4870-8027-B411118A2500}.Release|Any CPU.Build.0 = Release|Any CPU
		{903CF3FB-4E1A-46D1-9BB4-1D2901A0DE5A}.Debug|Any CPU.ActiveCfg = Debug|Any CPU
		{903CF3FB-4E1A-46D1-9BB4-1D2901A0DE5A}.Debug|Any CPU.Build.0 = Debug|Any CPU
		{903CF3FB-4E1A-46D1-9BB4-1D2901A0DE5A}.Release|Any CPU.ActiveCfg = Release|Any CPU
		{903CF3FB-4E1A-46D1-9BB4-1D2901A0DE5A}.Release|Any CPU.Build.0 = Release|Any CPU
		{3886E691-174E-4BE8-B713-7ED867D5E447}.Debug|Any CPU.ActiveCfg = Debug|Any CPU
		{3886E691-174E-4BE8-B713-7ED867D5E447}.Debug|Any CPU.Build.0 = Debug|Any CPU
		{3886E691-174E-4BE8-B713-7ED867D5E447}.Release|Any CPU.ActiveCfg = Release|Any CPU
		{3886E691-174E-4BE8-B713-7ED867D5E447}.Release|Any CPU.Build.0 = Release|Any CPU
		{AB0536A3-1B4C-4487-A72C-8C561A4BE36D}.Debug|Any CPU.ActiveCfg = Debug|Any CPU
		{AB0536A3-1B4C-4487-A72C-8C561A4BE36D}.Debug|Any CPU.Build.0 = Debug|Any CPU
		{AB0536A3-1B4C-4487-A72C-8C561A4BE36D}.Release|Any CPU.ActiveCfg = Release|Any CPU
		{AB0536A3-1B4C-4487-A72C-8C561A4BE36D}.Release|Any CPU.Build.0 = Release|Any CPU
		{3D319915-8BEA-4B98-8C88-DA2BC03C7C38}.Debug|Any CPU.ActiveCfg = Debug|Any CPU
		{3D319915-8BEA-4B98-8C88-DA2BC03C7C38}.Debug|Any CPU.Build.0 = Debug|Any CPU
		{3D319915-8BEA-4B98-8C88-DA2BC03C7C38}.Release|Any CPU.ActiveCfg = Release|Any CPU
		{3D319915-8BEA-4B98-8C88-DA2BC03C7C38}.Release|Any CPU.Build.0 = Release|Any CPU
	EndGlobalSection
	GlobalSection(SolutionProperties) = preSolution
		HideSolutionNode = FALSE
	EndGlobalSection
	GlobalSection(ExtensibilityGlobals) = postSolution
		SolutionGuid = {FAE0F689-0339-4FBE-91F9-EF7832B1015E}
	EndGlobalSection
EndGlobal
